
Microsoft Visual Studio Solution File, Format Version 12.00
# Visual Studio Version 17
VisualStudioVersion = 17.2.32630.192
MinimumVisualStudioVersion = 10.0.40219.1
Project("{9A19103F-16F7-4668-BE54-9A1E7A4F7556}") = "BlazorServerSignalRApp", "BlazorServerSignalRApp\BlazorServerSignalRApp.csproj", "{0D4BE7CA-46A4-43A7-84D0-ECF03BB66139}"
EndProject
Global
	GlobalSection(SolutionConfigurationPlatforms) = preSolution
		Debug|Any CPU = Debug|Any CPU
		Release|Any CPU = Release|Any CPU
	EndGlobalSection
	GlobalSection(ProjectConfigurationPlatforms) = postSolution
		{0D4BE7CA-46A4-43A7-84D0-ECF03BB66139}.Debug|Any CPU.ActiveCfg = Debug|Any CPU
		{0D4BE7CA-46A4-43A7-84D0-ECF03BB66139}.Debug|Any CPU.Build.0 = Debug|Any CPU
		{0D4BE7CA-46A4-43A7-84D0-ECF03BB66139}.Release|Any CPU.ActiveCfg = Release|Any CPU
		{0D4BE7CA-46A4-43A7-84D0-ECF03BB66139}.Release|Any CPU.Build.0 = Release|Any CPU
	EndGlobalSection
	GlobalSection(SolutionProperties) = preSolution
		HideSolutionNode = FALSE
	EndGlobalSection
	GlobalSection(ExtensibilityGlobals) = postSolution
		SolutionGuid = {4849150C-B97A-496B-B114-032F269ADC00}
	EndGlobalSection
EndGlobal
